
Microsoft Visual Studio Solution File, Format Version 12.00
# Blend for Visual Studio 14
VisualStudioVersion = 14.0.23107.0
MinimumVisualStudioVersion = 10.0.40219.1
Project("{FAE04EC0-301F-11D3-BF4B-00C04F79EFBC}") = "K-MUG-ResponsiveUI", "K-MUG-ResponsiveUI\K-MUG-ResponsiveUI.csproj", "{B9755594-399F-445D-B4CF-910AD99A8132}"
EndProject
Project("{FAE04EC0-301F-11D3-BF4B-00C04F79EFBC}") = "K-MUG-AdaptiveUI", "K-MUG-AdaptiveUI\K-MUG-AdaptiveUI.csproj", "{0E4872B8-0C1D-4CC1-B727-3A17FFF47959}"
EndProject
Project("{FAE04EC0-301F-11D3-BF4B-00C04F79EFBC}") = "K-MUG-AdaptiveCode", "K-MUG-AdaptiveCode\K-MUG-AdaptiveCode.csproj", "{1E22071E-8D20-4F44-9FB7-40BA3DFA892E}"
EndProject
Project("{FAE04EC0-301F-11D3-BF4B-00C04F79EFBC}") = "K-MUG-TailoredUI", "K-MUG-TailoredUI\K-MUG-TailoredUI.csproj", "{34FB835A-D6A4-4C04-BBD7-D3217A0898F0}"
EndProject
Global
	GlobalSection(SolutionConfigurationPlatforms) = preSolution
		Debug|Any CPU = Debug|Any CPU
		Debug|ARM = Debug|ARM
		Debug|x64 = Debug|x64
		Debug|x86 = Debug|x86
		Release|Any CPU = Release|Any CPU
		Release|ARM = Release|ARM
		Release|x64 = Release|x64
		Release|x86 = Release|x86
	EndGlobalSection
	GlobalSection(ProjectConfigurationPlatforms) = postSolution
		{B9755594-399F-445D-B4CF-910AD99A8132}.Debug|Any CPU.ActiveCfg = Debug|x86
		{B9755594-399F-445D-B4CF-910AD99A8132}.Debug|ARM.ActiveCfg = Debug|ARM
		{B9755594-399F-445D-B4CF-910AD99A8132}.Debug|ARM.Build.0 = Debug|ARM
		{B9755594-399F-445D-B4CF-910AD99A8132}.Debug|ARM.Deploy.0 = Debug|ARM
		{B9755594-399F-445D-B4CF-910AD99A8132}.Debug|x64.ActiveCfg = Debug|x64
		{B9755594-399F-445D-B4CF-910AD99A8132}.Debug|x64.Build.0 = Debug|x64
		{B9755594-399F-445D-B4CF-910AD99A8132}.Debug|x64.Deploy.0 = Debug|x64
		{B9755594-399F-445D-B4CF-910AD99A8132}.Debug|x86.ActiveCfg = Debug|x86
		{B9755594-399F-445D-B4CF-910AD99A8132}.Debug|x86.Build.0 = Debug|x86
		{B9755594-399F-445D-B4CF-910AD99A8132}.Debug|x86.Deploy.0 = Debug|x86
		{B9755594-399F-445D-B4CF-910AD99A8132}.Release|Any CPU.ActiveCfg = Release|x86
		{B9755594-399F-445D-B4CF-910AD99A8132}.Release|ARM.ActiveCfg = Release|ARM
		{B9755594-399F-445D-B4CF-910AD99A8132}.Release|ARM.Build.0 = Release|ARM
		{B9755594-399F-445D-B4CF-910AD99A8132}.Release|ARM.Deploy.0 = Release|ARM
		{B9755594-399F-445D-B4CF-910AD99A8132}.Release|x64.ActiveCfg = Release|x64
		{B9755594-399F-445D-B4CF-910AD99A8132}.Release|x64.Build.0 = Release|x64
		{B9755594-399F-445D-B4CF-910AD99A8132}.Release|x64.Deploy.0 = Release|x64
		{B9755594-399F-445D-B4CF-910AD99A8132}.Release|x86.ActiveCfg = Release|x86
		{B9755594-399F-445D-B4CF-910AD99A8132}.Release|x86.Build.0 = Release|x86
		{B9755594-399F-445D-B4CF-910AD99A8132}.Release|x86.Deploy.0 = Release|x86
		{0E4872B8-0C1D-4CC1-B727-3A17FFF47959}.Debug|Any CPU.ActiveCfg = Debug|x86
		{0E4872B8-0C1D-4CC1-B727-3A17FFF47959}.Debug|ARM.ActiveCfg = Debug|ARM
		{0E4872B8-0C1D-4CC1-B727-3A17FFF47959}.Debug|ARM.Build.0 = Debug|ARM
		{0E4872B8-0C1D-4CC1-B727-3A17FFF47959}.Debug|ARM.Deploy.0 = Debug|ARM
		{0E4872B8-0C1D-4CC1-B727-3A17FFF47959}.Debug|x64.ActiveCfg = Debug|x64
		{0E4872B8-0C1D-4CC1-B727-3A17FFF47959}.Debug|x64.Build.0 = Debug|x64
		{0E4872B8-0C1D-4CC1-B727-3A17FFF47959}.Debug|x64.Deploy.0 = Debug|x64
		{0E4872B8-0C1D-4CC1-B727-3A17FFF47959}.Debug|x86.ActiveCfg = Debug|x86
		{0E4872B8-0C1D-4CC1-B727-3A17FFF47959}.Debug|x86.Build.0 = Debug|x86
		{0E4872B8-0C1D-4CC1-B727-3A17FFF47959}.Debug|x86.Deploy.0 = Debug|x86
		{0E4872B8-0C1D-4CC1-B727-3A17FFF47959}.Release|Any CPU.ActiveCfg = Release|x86
		{0E4872B8-0C1D-4CC1-B727-3A17FFF47959}.Release|ARM.ActiveCfg = Release|ARM
		{0E4872B8-0C1D-4CC1-B727-3A17FFF47959}.Release|ARM.Build.0 = Release|ARM
		{0E4872B8-0C1D-4CC1-B727-3A17FFF47959}.Release|ARM.Deploy.0 = Release|ARM
		{0E4872B8-0C1D-4CC1-B727-3A17FFF47959}.Release|x64.ActiveCfg = Release|x64
		{0E4872B8-0C1D-4CC1-B727-3A17FFF47959}.Release|x64.Build.0 = Release|x64
		{0E4872B8-0C1D-4CC1-B727-3A17FFF47959}.Release|x64.Deploy.0 = Release|x64
		{0E4872B8-0C1D-4CC1-B727-3A17FFF47959}.Release|x86.ActiveCfg = Release|x86
		{0E4872B8-0C1D-4CC1-B727-3A17FFF47959}.Release|x86.Build.0 = Release|x86
		{0E4872B8-0C1D-4CC1-B727-3A17FFF47959}.Release|x86.Deploy.0 = Release|x86
		{1E22071E-8D20-4F44-9FB7-40BA3DFA892E}.Debug|Any CPU.ActiveCfg = Debug|x86
		{1E22071E-8D20-4F44-9FB7-40BA3DFA892E}.Debug|ARM.ActiveCfg = Debug|ARM
		{1E22071E-8D20-4F44-9FB7-40BA3DFA892E}.Debug|ARM.Build.0 = Debug|ARM
		{1E22071E-8D20-4F44-9FB7-40BA3DFA892E}.Debug|ARM.Deploy.0 = Debug|ARM
		{1E22071E-8D20-4F44-9FB7-40BA3DFA892E}.Debug|x64.ActiveCfg = Debug|x64
		{1E22071E-8D20-4F44-9FB7-40BA3DFA892E}.Debug|x64.Build.0 = Debug|x64
		{1E22071E-8D20-4F44-9FB7-40BA3DFA892E}.Debug|x64.Deploy.0 = Debug|x64
		{1E22071E-8D20-4F44-9FB7-40BA3DFA892E}.Debug|x86.ActiveCfg = Debug|x86
		{1E22071E-8D20-4F44-9FB7-40BA3DFA892E}.Debug|x86.Build.0 = Debug|x86
		{1E22071E-8D20-4F44-9FB7-40BA3DFA892E}.Debug|x86.Deploy.0 = Debug|x86
		{1E22071E-8D20-4F44-9FB7-40BA3DFA892E}.Release|Any CPU.ActiveCfg = Release|x86
		{1E22071E-8D20-4F44-9FB7-40BA3DFA892E}.Release|ARM.ActiveCfg = Release|ARM
		{1E22071E-8D20-4F44-9FB7-40BA3DFA892E}.Release|ARM.Build.0 = Release|ARM
		{1E22071E-8D20-4F44-9FB7-40BA3DFA892E}.Release|ARM.Deploy.0 = Release|ARM
		{1E22071E-8D20-4F44-9FB7-40BA3DFA892E}.Release|x64.ActiveCfg = Release|x64
		{1E22071E-8D20-4F44-9FB7-40BA3DFA892E}.Release|x64.Build.0 = Release|x64
		{1E22071E-8D20-4F44-9FB7-40BA3DFA892E}.Release|x64.Deploy.0 = Release|x64
		{1E22071E-8D20-4F44-9FB7-40BA3DFA892E}.Release|x86.ActiveCfg = Release|x86
		{1E22071E-8D20-4F44-9FB7-40BA3DFA892E}.Release|x86.Build.0 = Release|x86
		{1E22071E-8D20-4F44-9FB7-40BA3DFA892E}.Release|x86.Deploy.0 = Release|x86
		{34FB835A-D6A4-4C04-BBD7-D3217A0898F0}.Debug|Any CPU.ActiveCfg = Debug|x86
		{34FB835A-D6A4-4C04-BBD7-D3217A0898F0}.Debug|ARM.ActiveCfg = Debug|ARM
		{34FB835A-D6A4-4C04-BBD7-D3217A0898F0}.Debug|ARM.Build.0 = Debug|ARM
		{34FB835A-D6A4-4C04-BBD7-D3217A0898F0}.Debug|ARM.Deploy.0 = Debug|ARM
		{34FB835A-D6A4-4C04-BBD7-D3217A0898F0}.Debug|x64.ActiveCfg = Debug|x64
		{34FB835A-D6A4-4C04-BBD7-D3217A0898F0}.Debug|x64.Build.0 = Debug|x64
		{34FB835A-D6A4-4C04-BBD7-D3217A0898F0}.Debug|x64.Deploy.0 = Debug|x64
		{34FB835A-D6A4-4C04-BBD7-D3217A0898F0}.Debug|x86.ActiveCfg = Debug|x86
		{34FB835A-D6A4-4C04-BBD7-D3217A0898F0}.Debug|x86.Build.0 = Debug|x86
		{34FB835A-D6A4-4C04-BBD7-D3217A0898F0}.Debug|x86.Deploy.0 = Debug|x86
		{34FB835A-D6A4-4C04-BBD7-D3217A0898F0}.Release|Any CPU.ActiveCfg = Release|x86
		{34FB835A-D6A4-4C04-BBD7-D3217A0898F0}.Release|ARM.ActiveCfg = Release|ARM
		{34FB835A-D6A4-4C04-BBD7-D3217A0898F0}.Release|ARM.Build.0 = Release|ARM
		{34FB835A-D6A4-4C04-BBD7-D3217A0898F0}.Release|ARM.Deploy.0 = Release|ARM
		{34FB835A-D6A4-4C04-BBD7-D3217A0898F0}.Release|x64.ActiveCfg = Release|x64
		{34FB835A-D6A4-4C04-BBD7-D3217A0898F0}.Release|x64.Build.0 = Release|x64
		{34FB835A-D6A4-4C04-BBD7-D3217A0898F0}.Release|x64.Deploy.0 = Release|x64
		{34FB835A-D6A4-4C04-BBD7-D3217A0898F0}.Release|x86.ActiveCfg = Release|x86
		{34FB835A-D6A4-4C04-BBD7-D3217A0898F0}.Release|x86.Build.0 = Release|x86
		{34FB835A-D6A4-4C04-BBD7-D3217A0898F0}.Release|x86.Deploy.0 = Release|x86
	EndGlobalSection
	GlobalSection(SolutionProperties) = preSolution
		HideSolutionNode = FALSE
	EndGlobalSection
EndGlobal
